{
  "name": "@grosboillotflo/test-package",
  "version": "1.1.1-46cf4391c581b3655113d4899374edaf632211ca",
  "lockfileVersion": 2,
  "requires": true,
  "packages": {
    "": {
      "name": "@grosboillotflo/test-package",
      "version": "1.1.1-46cf4391c581b3655113d4899374edaf632211ca",
      "license": "MIT"
    }
  }
}
