{
  "name": "@grosboillotflo/test-package",
  "version": "1.1.1-468558270479663cb35e8ca05bb25fbfc25ec38c",
  "lockfileVersion": 2,
  "requires": true,
  "packages": {
    "": {
      "name": "@grosboillotflo/test-package",
      "version": "1.1.1-468558270479663cb35e8ca05bb25fbfc25ec38c",
      "license": "MIT"
    }
  }
}
